<?xml version="1.0" encoding="UTF-8"?>
<Scheme
   version = "1.3">
   <BuildAction>
      <BuildActionEntries>
         <BuildActionEntry
            buildForRunning = "YES">
            <BuildableReference
               BuildableIdentifier = "primary"
               BlueprintIdentifier = "48E26A2320BBFC5B00A78FB4"
               BuildableName = "mizaixiaoxiaole.app"
               BlueprintName = "mizaixiaoxiaole"
               ReferencedContainer = "container:mizaixiaoxiaole.xcodeproj">
            </BuildableReference>
         </BuildActionEntry>
      </BuildActionEntries>
   </BuildAction>
   <LaunchAction
      useCustomWorkingDirectory = "NO"
      buildConfiguration = "Debug"
      allowLocationSimulation = "YES">
      <BuildableProductRunnable>
         <BuildableReference
            BuildableIdentifier = "primary"
            BlueprintIdentifier = "48E26A2320BBFC5B00A78FB4"
            BuildableName = "mizaixiaoxiaole.app"
            BlueprintName = "mizaixiaoxiaole"
            ReferencedContainer = "container:mizaixiaoxiaole.xcodeproj">
         </BuildableReference>
      </BuildableProductRunnable>
   </LaunchAction>
</Scheme>
